
Microsoft Visual Studio Solution File, Format Version 12.00
# Visual Studio Version 17
VisualStudioVersion = 17.0.32014.148
MinimumVisualStudioVersion = 10.0.40219.1
Project("{9A19103F-16F7-4668-BE54-9A1E7A4F7556}") = "InteracaoMedicamentosaLambdaAPI", "InteracaoMedicamentosaLambdaAPI.csproj", "{0E7E3FE5-14EE-4AB4-8AEA-E8AA5A537898}"
EndProject
Project("{9A19103F-16F7-4668-BE54-9A1E7A4F7556}") = "InteracaoMedicamentosaLambdaAPI.Tests", "..\InteracaoMedicamentosaLambdaAPI.Tests\InteracaoMedicamentosaLambdaAPI.Tests.csproj", "{711EE694-7856-42A1-9AFF-927EEAEFC0D4}"
EndProject
Global
	GlobalSection(SolutionConfigurationPlatforms) = preSolution
		Debug|Any CPU = Debug|Any CPU
		Release|Any CPU = Release|Any CPU
	EndGlobalSection
	GlobalSection(ProjectConfigurationPlatforms) = postSolution
		{0E7E3FE5-14EE-4AB4-8AEA-E8AA5A537898}.Debug|Any CPU.ActiveCfg = Debug|Any CPU
		{0E7E3FE5-14EE-4AB4-8AEA-E8AA5A537898}.Debug|Any CPU.Build.0 = Debug|Any CPU
		{0E7E3FE5-14EE-4AB4-8AEA-E8AA5A537898}.Release|Any CPU.ActiveCfg = Release|Any CPU
		{0E7E3FE5-14EE-4AB4-8AEA-E8AA5A537898}.Release|Any CPU.Build.0 = Release|Any CPU
		{711EE694-7856-42A1-9AFF-927EEAEFC0D4}.Debug|Any CPU.ActiveCfg = Debug|Any CPU
		{711EE694-7856-42A1-9AFF-927EEAEFC0D4}.Debug|Any CPU.Build.0 = Debug|Any CPU
		{711EE694-7856-42A1-9AFF-927EEAEFC0D4}.Release|Any CPU.ActiveCfg = Release|Any CPU
		{711EE694-7856-42A1-9AFF-927EEAEFC0D4}.Release|Any CPU.Build.0 = Release|Any CPU
	EndGlobalSection
	GlobalSection(SolutionProperties) = preSolution
		HideSolutionNode = FALSE
	EndGlobalSection
	GlobalSection(ExtensibilityGlobals) = postSolution
		SolutionGuid = {F6E2AA9F-2084-4326-B992-2FACC1F2E57A}
	EndGlobalSection
EndGlobal
