
Microsoft Visual Studio Solution File, Format Version 12.00
# Visual Studio Version 17
VisualStudioVersion = 17.0.32014.148
MinimumVisualStudioVersion = 10.0.40219.1
Project("{FAE04EC0-301F-11D3-BF4B-00C04F79EFBC}") = "InteracaoMedicamentosaLambdaAPI", "src\InteracaoMedicamentosaLambdaAPI\InteracaoMedicamentosaLambdaAPI.csproj", "{17F61D62-890E-4495-94E2-64A0088E779F}"
EndProject
Global
	GlobalSection(SolutionConfigurationPlatforms) = preSolution
		Debug|Any CPU = Debug|Any CPU
		Release|Any CPU = Release|Any CPU
	EndGlobalSection
	GlobalSection(ProjectConfigurationPlatforms) = postSolution
		{17F61D62-890E-4495-94E2-64A0088E779F}.Debug|Any CPU.ActiveCfg = Debug|Any CPU
		{17F61D62-890E-4495-94E2-64A0088E779F}.Debug|Any CPU.Build.0 = Debug|Any CPU
		{17F61D62-890E-4495-94E2-64A0088E779F}.Release|Any CPU.ActiveCfg = Release|Any CPU
		{17F61D62-890E-4495-94E2-64A0088E779F}.Release|Any CPU.Build.0 = Release|Any CPU
	EndGlobalSection
	GlobalSection(SolutionProperties) = preSolution
		HideSolutionNode = FALSE
	EndGlobalSection
	GlobalSection(ExtensibilityGlobals) = postSolution
		SolutionGuid = {EB18855C-3D1A-46A1-A554-B39FD6369B92}
	EndGlobalSection
EndGlobal
