
Microsoft Visual Studio Solution File, Format Version 12.00
# Visual Studio Version 17
VisualStudioVersion = 17.0.32014.148
MinimumVisualStudioVersion = 10.0.40219.1
Project("{9A19103F-16F7-4668-BE54-9A1E7A4F7556}") = "InteracaoMedicamentosaLambdaAPI", "InteracaoMedicamentosaLambdaAPI.csproj", "{0E7E3FE5-14EE-4AB4-8AEA-E8AA5A537898}"
EndProject
Project("{2150E333-8FDC-42A3-9474-1A3956D46DE8}") = "Presentation", "Presentation", "{60E857A9-7009-41EA-B079-F7DC9B141748}"
EndProject
Project("{2150E333-8FDC-42A3-9474-1A3956D46DE8}") = "Domain", "Domain", "{A709C4D9-B128-41A3-92B9-41D8DFF714D4}"
EndProject
Project("{2150E333-8FDC-42A3-9474-1A3956D46DE8}") = "Services", "Services", "{AD44628B-2D67-433F-8576-C4976B0AFFB0}"
EndProject
Project("{2150E333-8FDC-42A3-9474-1A3956D46DE8}") = "Entities", "Entities", "{7B0431C7-D9C0-4606-BFE6-B791CDD318A6}"
EndProject
Project("{2150E333-8FDC-42A3-9474-1A3956D46DE8}") = "CrossCuting", "CrossCuting", "{9127DF48-EC87-48D9-91D2-B35BE7ADFB1E}"
EndProject
Project("{9A19103F-16F7-4668-BE54-9A1E7A4F7556}") = "Interacao.Entity", "..\Domain\Entities\Interacao.Entity\Interacao.Entity.csproj", "{53CCE7C9-E8D2-4AF8-8F13-BB8E7F69F6F2}"
EndProject
Project("{9A19103F-16F7-4668-BE54-9A1E7A4F7556}") = "Interacao.Service", "..\Domain\Services\Interacao.Service\Interacao.Service.csproj", "{E2BCD622-C9C4-4448-B27A-66DAB913C09F}"
EndProject
Project("{2150E333-8FDC-42A3-9474-1A3956D46DE8}") = "IoC", "IoC", "{39DE4329-3775-4354-B896-0098F4FE9DC2}"
EndProject
Project("{2150E333-8FDC-42A3-9474-1A3956D46DE8}") = "Infrastructure", "Infrastructure", "{749064E2-A03F-4EA4-9E41-C27CE9851DAE}"
EndProject
Project("{2150E333-8FDC-42A3-9474-1A3956D46DE8}") = "Http", "Http", "{1C6B89C3-740E-4E45-BE62-2DC14E1FF07B}"
EndProject
Project("{9A19103F-16F7-4668-BE54-9A1E7A4F7556}") = "Interacao.Infrasctructure.Http", "..\Infrastructure\Http\Interacao.Infrasctructure.Http\Interacao.Infrasctructure.Http.csproj", "{DA2AAFDF-5BED-4B83-B9E0-DB62024E94E5}"
EndProject
Project("{2150E333-8FDC-42A3-9474-1A3956D46DE8}") = "DTO", "DTO", "{930F3633-98FB-4516-AA78-019BEF092263}"
EndProject
Project("{9A19103F-16F7-4668-BE54-9A1E7A4F7556}") = "Interacao.Domain.DTO", "..\Domain\DTO\Interacao.Domain.DTO\Interacao.Domain.DTO.csproj", "{9F3DE2BD-B8E6-4AED-B751-6148478829EB}"
EndProject
Project("{FAE04EC0-301F-11D3-BF4B-00C04F79EFBC}") = "Interacao.CrossCuting.IoC", "..\CrossCuting\IoC\Interacao.CrossCuting.IoC\Interacao.CrossCuting.IoC.csproj", "{FE1E930A-9276-4CA4-AA6B-24774158BF44}"
EndProject
Global
	GlobalSection(SolutionConfigurationPlatforms) = preSolution
		Debug|Any CPU = Debug|Any CPU
		Release|Any CPU = Release|Any CPU
	EndGlobalSection
	GlobalSection(ProjectConfigurationPlatforms) = postSolution
		{0E7E3FE5-14EE-4AB4-8AEA-E8AA5A537898}.Debug|Any CPU.ActiveCfg = Debug|Any CPU
		{0E7E3FE5-14EE-4AB4-8AEA-E8AA5A537898}.Debug|Any CPU.Build.0 = Debug|Any CPU
		{0E7E3FE5-14EE-4AB4-8AEA-E8AA5A537898}.Release|Any CPU.ActiveCfg = Release|Any CPU
		{0E7E3FE5-14EE-4AB4-8AEA-E8AA5A537898}.Release|Any CPU.Build.0 = Release|Any CPU
		{53CCE7C9-E8D2-4AF8-8F13-BB8E7F69F6F2}.Debug|Any CPU.ActiveCfg = Debug|Any CPU
		{53CCE7C9-E8D2-4AF8-8F13-BB8E7F69F6F2}.Debug|Any CPU.Build.0 = Debug|Any CPU
		{53CCE7C9-E8D2-4AF8-8F13-BB8E7F69F6F2}.Release|Any CPU.ActiveCfg = Release|Any CPU
		{53CCE7C9-E8D2-4AF8-8F13-BB8E7F69F6F2}.Release|Any CPU.Build.0 = Release|Any CPU
		{E2BCD622-C9C4-4448-B27A-66DAB913C09F}.Debug|Any CPU.ActiveCfg = Debug|Any CPU
		{E2BCD622-C9C4-4448-B27A-66DAB913C09F}.Debug|Any CPU.Build.0 = Debug|Any CPU
		{E2BCD622-C9C4-4448-B27A-66DAB913C09F}.Release|Any CPU.ActiveCfg = Release|Any CPU
		{E2BCD622-C9C4-4448-B27A-66DAB913C09F}.Release|Any CPU.Build.0 = Release|Any CPU
		{DA2AAFDF-5BED-4B83-B9E0-DB62024E94E5}.Debug|Any CPU.ActiveCfg = Debug|Any CPU
		{DA2AAFDF-5BED-4B83-B9E0-DB62024E94E5}.Debug|Any CPU.Build.0 = Debug|Any CPU
		{DA2AAFDF-5BED-4B83-B9E0-DB62024E94E5}.Release|Any CPU.ActiveCfg = Release|Any CPU
		{DA2AAFDF-5BED-4B83-B9E0-DB62024E94E5}.Release|Any CPU.Build.0 = Release|Any CPU
		{9F3DE2BD-B8E6-4AED-B751-6148478829EB}.Debug|Any CPU.ActiveCfg = Debug|Any CPU
		{9F3DE2BD-B8E6-4AED-B751-6148478829EB}.Debug|Any CPU.Build.0 = Debug|Any CPU
		{9F3DE2BD-B8E6-4AED-B751-6148478829EB}.Release|Any CPU.ActiveCfg = Release|Any CPU
		{9F3DE2BD-B8E6-4AED-B751-6148478829EB}.Release|Any CPU.Build.0 = Release|Any CPU
		{FE1E930A-9276-4CA4-AA6B-24774158BF44}.Debug|Any CPU.ActiveCfg = Debug|Any CPU
		{FE1E930A-9276-4CA4-AA6B-24774158BF44}.Debug|Any CPU.Build.0 = Debug|Any CPU
		{FE1E930A-9276-4CA4-AA6B-24774158BF44}.Release|Any CPU.ActiveCfg = Release|Any CPU
		{FE1E930A-9276-4CA4-AA6B-24774158BF44}.Release|Any CPU.Build.0 = Release|Any CPU
	EndGlobalSection
	GlobalSection(SolutionProperties) = preSolution
		HideSolutionNode = FALSE
	EndGlobalSection
	GlobalSection(NestedProjects) = preSolution
		{0E7E3FE5-14EE-4AB4-8AEA-E8AA5A537898} = {60E857A9-7009-41EA-B079-F7DC9B141748}
		{AD44628B-2D67-433F-8576-C4976B0AFFB0} = {A709C4D9-B128-41A3-92B9-41D8DFF714D4}
		{7B0431C7-D9C0-4606-BFE6-B791CDD318A6} = {A709C4D9-B128-41A3-92B9-41D8DFF714D4}
		{53CCE7C9-E8D2-4AF8-8F13-BB8E7F69F6F2} = {7B0431C7-D9C0-4606-BFE6-B791CDD318A6}
		{E2BCD622-C9C4-4448-B27A-66DAB913C09F} = {AD44628B-2D67-433F-8576-C4976B0AFFB0}
		{39DE4329-3775-4354-B896-0098F4FE9DC2} = {9127DF48-EC87-48D9-91D2-B35BE7ADFB1E}
		{1C6B89C3-740E-4E45-BE62-2DC14E1FF07B} = {749064E2-A03F-4EA4-9E41-C27CE9851DAE}
		{DA2AAFDF-5BED-4B83-B9E0-DB62024E94E5} = {1C6B89C3-740E-4E45-BE62-2DC14E1FF07B}
		{930F3633-98FB-4516-AA78-019BEF092263} = {A709C4D9-B128-41A3-92B9-41D8DFF714D4}
		{9F3DE2BD-B8E6-4AED-B751-6148478829EB} = {930F3633-98FB-4516-AA78-019BEF092263}
		{FE1E930A-9276-4CA4-AA6B-24774158BF44} = {39DE4329-3775-4354-B896-0098F4FE9DC2}
	EndGlobalSection
	GlobalSection(ExtensibilityGlobals) = postSolution
		SolutionGuid = {F6E2AA9F-2084-4326-B992-2FACC1F2E57A}
	EndGlobalSection
EndGlobal
